// !$*UTF8*$!
{
	archiveVersion = 1;
	classes = {
	};
	objectVersion = 56;
	objects = {

/* Begin PBXBuildFile section */
		B51D634D2CAAF2F000906B74 /* RotationGestureBootcamp.swift in Sources */ = {isa = PBXBuildFile; fileRef = B51D634C2CAAF2F000906B74 /* RotationGestureBootcamp.swift */; };
		B5434C762CA945020071306B /* SwiftUIContinuedLearningApp.swift in Sources */ = {isa = PBXBuildFile; fileRef = B5434C752CA945020071306B /* SwiftUIContinuedLearningApp.swift */; };
		B5434C7A2CA945030071306B /* Assets.xcassets in Resources */ = {isa = PBXBuildFile; fileRef = B5434C792CA945030071306B /* Assets.xcassets */; };
		B5434C7D2CA945030071306B /* Preview Assets.xcassets in Resources */ = {isa = PBXBuildFile; fileRef = B5434C7C2CA945030071306B /* Preview Assets.xcassets */; };
		B5434C842CA945DF0071306B /* LongPressGestureBootcamp.swift in Sources */ = {isa = PBXBuildFile; fileRef = B5434C832CA945DF0071306B /* LongPressGestureBootcamp.swift */; };
		B5434C862CA957DC0071306B /* MagnificationGestureBootcamp.swift in Sources */ = {isa = PBXBuildFile; fileRef = B5434C852CA957DC0071306B /* MagnificationGestureBootcamp.swift */; };
		B58734092CD2981600D4871A /* FileManagerBootcamp.swift in Sources */ = {isa = PBXBuildFile; fileRef = B58734082CD2981600D4871A /* FileManagerBootcamp.swift */; };
		B58F3A6F2CBBC6D400FB9842 /* MaskBootcamp.swift in Sources */ = {isa = PBXBuildFile; fileRef = B58F3A6E2CBBC6D400FB9842 /* MaskBootcamp.swift */; };
		B591E6882CCD18C40087FCA2 /* CodableBootcamp.swift in Sources */ = {isa = PBXBuildFile; fileRef = B591E6872CCD18C40087FCA2 /* CodableBootcamp.swift */; };
		B59591F52CAC548B0034C088 /* DragGestureBootcamp.swift in Sources */ = {isa = PBXBuildFile; fileRef = B59591F42CAC548B0034C088 /* DragGestureBootcamp.swift */; };
		B59591F72CAC62A30034C088 /* DragGestureBootcamp2.swift in Sources */ = {isa = PBXBuildFile; fileRef = B59591F62CAC62A30034C088 /* DragGestureBootcamp2.swift */; };
		B59805452CD3EDA1007D3CF8 /* CacheBootcamp.swift in Sources */ = {isa = PBXBuildFile; fileRef = B59805442CD3EDA1007D3CF8 /* CacheBootcamp.swift */; };
		B5987A1D2CBA70F000790F46 /* MultipleSheetsBootcamp.swift in Sources */ = {isa = PBXBuildFile; fileRef = B5987A1C2CBA70F000790F46 /* MultipleSheetsBootcamp.swift */; };
		B5A3C8762CBD67DE00DBF71D /* SoundBootcamp.swift in Sources */ = {isa = PBXBuildFile; fileRef = B5A3C8752CBD67DE00DBF71D /* SoundBootcamp.swift */; };
		B5A3C87A2CBD6AAB00DBF71D /* badum.mp3 in Resources */ = {isa = PBXBuildFile; fileRef = B5A3C8782CBD6AAB00DBF71D /* badum.mp3 */; };
		B5A3C87B2CBD6AAB00DBF71D /* cowMoo.mp3 in Resources */ = {isa = PBXBuildFile; fileRef = B5A3C8792CBD6AAB00DBF71D /* cowMoo.mp3 */; };
		B5A3C87D2CBD6D1F00DBF71D /* HapticsBootcamp.swift in Sources */ = {isa = PBXBuildFile; fileRef = B5A3C87C2CBD6D1F00DBF71D /* HapticsBootcamp.swift */; };
		B5C79B1F2CCE0FBF00832BBE /* DownloadWithEscapingBootcamp.swift in Sources */ = {isa = PBXBuildFile; fileRef = B5C79B1E2CCE0FBF00832BBE /* DownloadWithEscapingBootcamp.swift */; };
		B5C79B212CCE2BD500832BBE /* DownloadWithCombineBootcamp.swift in Sources */ = {isa = PBXBuildFile; fileRef = B5C79B202CCE2BD500832BBE /* DownloadWithCombineBootcamp.swift */; };
		B5C82BF22CCFD26600909989 /* TimerBootcamp.swift in Sources */ = {isa = PBXBuildFile; fileRef = B5C82BF12CCFD26600909989 /* TimerBootcamp.swift */; };
		B5C9B0F52CC6ACB9001A25F7 /* BackgroundThreadBootcamp.swift in Sources */ = {isa = PBXBuildFile; fileRef = B5C9B0F42CC6ACB9001A25F7 /* BackgroundThreadBootcamp.swift */; };
		B5C9CFC92CC0068200FD9C7C /* HashableBootcamp.swift in Sources */ = {isa = PBXBuildFile; fileRef = B5C9CFC82CC0068200FD9C7C /* HashableBootcamp.swift */; };
		B5C9CFCB2CC00D2600FD9C7C /* ArraysBootcamp.swift in Sources */ = {isa = PBXBuildFile; fileRef = B5C9CFCA2CC00D2600FD9C7C /* ArraysBootcamp.swift */; };
		B5F9906C2CC9500200783423 /* EscapingBootcamp.swift in Sources */ = {isa = PBXBuildFile; fileRef = B5F9906B2CC9500200783423 /* EscapingBootcamp.swift */; };
		B5FBBDC22CC808A8004894EA /* WeakSelfBootcamp.swift in Sources */ = {isa = PBXBuildFile; fileRef = B5FBBDC12CC808A8004894EA /* WeakSelfBootcamp.swift */; };
		B5FBBDC42CC80D92004894EA /* TypealiasBootcamp.swift in Sources */ = {isa = PBXBuildFile; fileRef = B5FBBDC32CC80D92004894EA /* TypealiasBootcamp.swift */; };
		B5FF01622CB826720056EE1A /* ScrollViewReaderBootcamp.swift in Sources */ = {isa = PBXBuildFile; fileRef = B5FF01612CB826720056EE1A /* ScrollViewReaderBootcamp.swift */; };
		B5FF01642CB82AEC0056EE1A /* GeometryReaderBootcamp.swift in Sources */ = {isa = PBXBuildFile; fileRef = B5FF01632CB82AEC0056EE1A /* GeometryReaderBootcamp.swift */; };
/* End PBXBuildFile section */

/* Begin PBXFileReference section */
		B51D634C2CAAF2F000906B74 /* RotationGestureBootcamp.swift */ = {isa = PBXFileReference; lastKnownFileType = sourcecode.swift; path = RotationGestureBootcamp.swift; sourceTree = "<group>"; };
		B5434C722CA945010071306B /* SwiftUIContinuedLearning.app */ = {isa = PBXFileReference; explicitFileType = wrapper.application; includeInIndex = 0; path = SwiftUIContinuedLearning.app; sourceTree = BUILT_PRODUCTS_DIR; };
		B5434C752CA945020071306B /* SwiftUIContinuedLearningApp.swift */ = {isa = PBXFileReference; lastKnownFileType = sourcecode.swift; path = SwiftUIContinuedLearningApp.swift; sourceTree = "<group>"; };
		B5434C792CA945030071306B /* Assets.xcassets */ = {isa = PBXFileReference; lastKnownFileType = folder.assetcatalog; path = Assets.xcassets; sourceTree = "<group>"; };
		B5434C7C2CA945030071306B /* Preview Assets.xcassets */ = {isa = PBXFileReference; lastKnownFileType = folder.assetcatalog; path = "Preview Assets.xcassets"; sourceTree = "<group>"; };
		B5434C832CA945DF0071306B /* LongPressGestureBootcamp.swift */ = {isa = PBXFileReference; lastKnownFileType = sourcecode.swift; path = LongPressGestureBootcamp.swift; sourceTree = "<group>"; };
		B5434C852CA957DC0071306B /* MagnificationGestureBootcamp.swift */ = {isa = PBXFileReference; lastKnownFileType = sourcecode.swift; path = MagnificationGestureBootcamp.swift; sourceTree = "<group>"; };
		B58734082CD2981600D4871A /* FileManagerBootcamp.swift */ = {isa = PBXFileReference; lastKnownFileType = sourcecode.swift; path = FileManagerBootcamp.swift; sourceTree = "<group>"; };
		B58F3A6E2CBBC6D400FB9842 /* MaskBootcamp.swift */ = {isa = PBXFileReference; lastKnownFileType = sourcecode.swift; path = MaskBootcamp.swift; sourceTree = "<group>"; };
		B591E6872CCD18C40087FCA2 /* CodableBootcamp.swift */ = {isa = PBXFileReference; lastKnownFileType = sourcecode.swift; path = CodableBootcamp.swift; sourceTree = "<group>"; };
		B59591F42CAC548B0034C088 /* DragGestureBootcamp.swift */ = {isa = PBXFileReference; lastKnownFileType = sourcecode.swift; path = DragGestureBootcamp.swift; sourceTree = "<group>"; };
		B59591F62CAC62A30034C088 /* DragGestureBootcamp2.swift */ = {isa = PBXFileReference; lastKnownFileType = sourcecode.swift; path = DragGestureBootcamp2.swift; sourceTree = "<group>"; };
		B59805442CD3EDA1007D3CF8 /* CacheBootcamp.swift */ = {isa = PBXFileReference; lastKnownFileType = sourcecode.swift; path = CacheBootcamp.swift; sourceTree = "<group>"; };
		B5987A1C2CBA70F000790F46 /* MultipleSheetsBootcamp.swift */ = {isa = PBXFileReference; lastKnownFileType = sourcecode.swift; path = MultipleSheetsBootcamp.swift; sourceTree = "<group>"; };
		B5A3C8752CBD67DE00DBF71D /* SoundBootcamp.swift */ = {isa = PBXFileReference; lastKnownFileType = sourcecode.swift; path = SoundBootcamp.swift; sourceTree = "<group>"; };
		B5A3C8782CBD6AAB00DBF71D /* badum.mp3 */ = {isa = PBXFileReference; lastKnownFileType = audio.mp3; path = badum.mp3; sourceTree = "<group>"; };
		B5A3C8792CBD6AAB00DBF71D /* cowMoo.mp3 */ = {isa = PBXFileReference; lastKnownFileType = audio.mp3; path = cowMoo.mp3; sourceTree = "<group>"; };
		B5A3C87C2CBD6D1F00DBF71D /* HapticsBootcamp.swift */ = {isa = PBXFileReference; lastKnownFileType = sourcecode.swift; path = HapticsBootcamp.swift; sourceTree = "<group>"; };
		B5C79B1E2CCE0FBF00832BBE /* DownloadWithEscapingBootcamp.swift */ = {isa = PBXFileReference; lastKnownFileType = sourcecode.swift; path = DownloadWithEscapingBootcamp.swift; sourceTree = "<group>"; };
		B5C79B202CCE2BD500832BBE /* DownloadWithCombineBootcamp.swift */ = {isa = PBXFileReference; lastKnownFileType = sourcecode.swift; path = DownloadWithCombineBootcamp.swift; sourceTree = "<group>"; };
		B5C82BF12CCFD26600909989 /* TimerBootcamp.swift */ = {isa = PBXFileReference; lastKnownFileType = sourcecode.swift; path = TimerBootcamp.swift; sourceTree = "<group>"; };
		B5C9B0F42CC6ACB9001A25F7 /* BackgroundThreadBootcamp.swift */ = {isa = PBXFileReference; lastKnownFileType = sourcecode.swift; path = BackgroundThreadBootcamp.swift; sourceTree = "<group>"; };
		B5C9CFC82CC0068200FD9C7C /* HashableBootcamp.swift */ = {isa = PBXFileReference; lastKnownFileType = sourcecode.swift; path = HashableBootcamp.swift; sourceTree = "<group>"; };
		B5C9CFCA2CC00D2600FD9C7C /* ArraysBootcamp.swift */ = {isa = PBXFileReference; lastKnownFileType = sourcecode.swift; path = ArraysBootcamp.swift; sourceTree = "<group>"; };
		B5F9906B2CC9500200783423 /* EscapingBootcamp.swift */ = {isa = PBXFileReference; lastKnownFileType = sourcecode.swift; path = EscapingBootcamp.swift; sourceTree = "<group>"; };
		B5FBBDC12CC808A8004894EA /* WeakSelfBootcamp.swift */ = {isa = PBXFileReference; lastKnownFileType = sourcecode.swift; path = WeakSelfBootcamp.swift; sourceTree = "<group>"; };
		B5FBBDC32CC80D92004894EA /* TypealiasBootcamp.swift */ = {isa = PBXFileReference; lastKnownFileType = sourcecode.swift; path = TypealiasBootcamp.swift; sourceTree = "<group>"; };
		B5FF01612CB826720056EE1A /* ScrollViewReaderBootcamp.swift */ = {isa = PBXFileReference; lastKnownFileType = sourcecode.swift; path = ScrollViewReaderBootcamp.swift; sourceTree = "<group>"; };
		B5FF01632CB82AEC0056EE1A /* GeometryReaderBootcamp.swift */ = {isa = PBXFileReference; lastKnownFileType = sourcecode.swift; path = GeometryReaderBootcamp.swift; sourceTree = "<group>"; };
/* End PBXFileReference section */

/* Begin PBXFrameworksBuildPhase section */
		B5434C6F2CA945010071306B /* Frameworks */ = {
			isa = PBXFrameworksBuildPhase;
			buildActionMask = 2147483647;
			files = (
			);
			runOnlyForDeploymentPostprocessing = 0;
		};
/* End PBXFrameworksBuildPhase section */

/* Begin PBXGroup section */
		B5434C692CA945010071306B = {
			isa = PBXGroup;
			children = (
				B5434C742CA945010071306B /* SwiftUIContinuedLearning */,
				B5434C732CA945010071306B /* Products */,
			);
			sourceTree = "<group>";
		};
		B5434C732CA945010071306B /* Products */ = {
			isa = PBXGroup;
			children = (
				B5434C722CA945010071306B /* SwiftUIContinuedLearning.app */,
			);
			name = Products;
			sourceTree = "<group>";
		};
		B5434C742CA945010071306B /* SwiftUIContinuedLearning */ = {
			isa = PBXGroup;
			children = (
				B59805442CD3EDA1007D3CF8 /* CacheBootcamp.swift */,
				B5434C752CA945020071306B /* SwiftUIContinuedLearningApp.swift */,
				B5434C832CA945DF0071306B /* LongPressGestureBootcamp.swift */,
				B5434C852CA957DC0071306B /* MagnificationGestureBootcamp.swift */,
				B51D634C2CAAF2F000906B74 /* RotationGestureBootcamp.swift */,
				B59591F42CAC548B0034C088 /* DragGestureBootcamp.swift */,
				B59591F62CAC62A30034C088 /* DragGestureBootcamp2.swift */,
				B5FF01612CB826720056EE1A /* ScrollViewReaderBootcamp.swift */,
				B5FF01632CB82AEC0056EE1A /* GeometryReaderBootcamp.swift */,
				B5987A1C2CBA70F000790F46 /* MultipleSheetsBootcamp.swift */,
				B58F3A6E2CBBC6D400FB9842 /* MaskBootcamp.swift */,
				B5A3C8752CBD67DE00DBF71D /* SoundBootcamp.swift */,
				B5A3C87C2CBD6D1F00DBF71D /* HapticsBootcamp.swift */,
				B5C9CFC82CC0068200FD9C7C /* HashableBootcamp.swift */,
				B5C9CFCA2CC00D2600FD9C7C /* ArraysBootcamp.swift */,
				B5C9B0F42CC6ACB9001A25F7 /* BackgroundThreadBootcamp.swift */,
				B5FBBDC12CC808A8004894EA /* WeakSelfBootcamp.swift */,
				B5FBBDC32CC80D92004894EA /* TypealiasBootcamp.swift */,
				B5F9906B2CC9500200783423 /* EscapingBootcamp.swift */,
				B591E6872CCD18C40087FCA2 /* CodableBootcamp.swift */,
				B5C79B1E2CCE0FBF00832BBE /* DownloadWithEscapingBootcamp.swift */,
				B5C79B202CCE2BD500832BBE /* DownloadWithCombineBootcamp.swift */,
				B5C82BF12CCFD26600909989 /* TimerBootcamp.swift */,
				B58734082CD2981600D4871A /* FileManagerBootcamp.swift */,
				B5A3C8772CBD6A9D00DBF71D /* Sounds */,
				B5434C792CA945030071306B /* Assets.xcassets */,
				B5434C7B2CA945030071306B /* Preview Content */,
			);
			path = SwiftUIContinuedLearning;
			sourceTree = "<group>";
		};
		B5434C7B2CA945030071306B /* Preview Content */ = {
			isa = PBXGroup;
			children = (
				B5434C7C2CA945030071306B /* Preview Assets.xcassets */,
			);
			path = "Preview Content";
			sourceTree = "<group>";
		};
		B5A3C8772CBD6A9D00DBF71D /* Sounds */ = {
			isa = PBXGroup;
			children = (
				B5A3C8782CBD6AAB00DBF71D /* badum.mp3 */,
				B5A3C8792CBD6AAB00DBF71D /* cowMoo.mp3 */,
			);
			path = Sounds;
			sourceTree = "<group>";
		};
/* End PBXGroup section */

/* Begin PBXNativeTarget section */
		B5434C712CA945010071306B /* SwiftUIContinuedLearning */ = {
			isa = PBXNativeTarget;
			buildConfigurationList = B5434C802CA945030071306B /* Build configuration list for PBXNativeTarget "SwiftUIContinuedLearning" */;
			buildPhases = (
				B5434C6E2CA945010071306B /* Sources */,
				B5434C6F2CA945010071306B /* Frameworks */,
				B5434C702CA945010071306B /* Resources */,
			);
			buildRules = (
			);
			dependencies = (
			);
			name = SwiftUIContinuedLearning;
			productName = SwiftUIContinuedLearning;
			productReference = B5434C722CA945010071306B /* SwiftUIContinuedLearning.app */;
			productType = "com.apple.product-type.application";
		};
/* End PBXNativeTarget section */

/* Begin PBXProject section */
		B5434C6A2CA945010071306B /* Project object */ = {
			isa = PBXProject;
			attributes = {
				BuildIndependentTargetsInParallel = 1;
				LastSwiftUpdateCheck = 1530;
				LastUpgradeCheck = 1530;
				TargetAttributes = {
					B5434C712CA945010071306B = {
						CreatedOnToolsVersion = 15.3;
					};
				};
			};
			buildConfigurationList = B5434C6D2CA945010071306B /* Build configuration list for PBXProject "SwiftUIContinuedLearning" */;
			compatibilityVersion = "Xcode 14.0";
			developmentRegion = en;
			hasScannedForEncodings = 0;
			knownRegions = (
				en,
				Base,
			);
			mainGroup = B5434C692CA945010071306B;
			productRefGroup = B5434C732CA945010071306B /* Products */;
			projectDirPath = "";
			projectRoot = "";
			targets = (
				B5434C712CA945010071306B /* SwiftUIContinuedLearning */,
			);
		};
/* End PBXProject section */

/* Begin PBXResourcesBuildPhase section */
		B5434C702CA945010071306B /* Resources */ = {
			isa = PBXResourcesBuildPhase;
			buildActionMask = 2147483647;
			files = (
				B5A3C87B2CBD6AAB00DBF71D /* cowMoo.mp3 in Resources */,
				B5A3C87A2CBD6AAB00DBF71D /* badum.mp3 in Resources */,
				B5434C7D2CA945030071306B /* Preview Assets.xcassets in Resources */,
				B5434C7A2CA945030071306B /* Assets.xcassets in Resources */,
			);
			runOnlyForDeploymentPostprocessing = 0;
		};
/* End PBXResourcesBuildPhase section */

/* Begin PBXSourcesBuildPhase section */
		B5434C6E2CA945010071306B /* Sources */ = {
			isa = PBXSourcesBuildPhase;
			buildActionMask = 2147483647;
			files = (
				B59591F72CAC62A30034C088 /* DragGestureBootcamp2.swift in Sources */,
				B58734092CD2981600D4871A /* FileManagerBootcamp.swift in Sources */,
				B58F3A6F2CBBC6D400FB9842 /* MaskBootcamp.swift in Sources */,
				B5C9CFCB2CC00D2600FD9C7C /* ArraysBootcamp.swift in Sources */,
				B59591F52CAC548B0034C088 /* DragGestureBootcamp.swift in Sources */,
				B5FF01622CB826720056EE1A /* ScrollViewReaderBootcamp.swift in Sources */,
				B5C9B0F52CC6ACB9001A25F7 /* BackgroundThreadBootcamp.swift in Sources */,
				B5987A1D2CBA70F000790F46 /* MultipleSheetsBootcamp.swift in Sources */,
				B5C9CFC92CC0068200FD9C7C /* HashableBootcamp.swift in Sources */,
				B5C79B1F2CCE0FBF00832BBE /* DownloadWithEscapingBootcamp.swift in Sources */,
				B5FBBDC22CC808A8004894EA /* WeakSelfBootcamp.swift in Sources */,
				B5C79B212CCE2BD500832BBE /* DownloadWithCombineBootcamp.swift in Sources */,
				B5434C762CA945020071306B /* SwiftUIContinuedLearningApp.swift in Sources */,
				B5C82BF22CCFD26600909989 /* TimerBootcamp.swift in Sources */,
				B591E6882CCD18C40087FCA2 /* CodableBootcamp.swift in Sources */,
				B59805452CD3EDA1007D3CF8 /* CacheBootcamp.swift in Sources */,
				B5434C862CA957DC0071306B /* MagnificationGestureBootcamp.swift in Sources */,
				B5A3C8762CBD67DE00DBF71D /* SoundBootcamp.swift in Sources */,
				B5FF01642CB82AEC0056EE1A /* GeometryReaderBootcamp.swift in Sources */,
				B5A3C87D2CBD6D1F00DBF71D /* HapticsBootcamp.swift in Sources */,
				B5FBBDC42CC80D92004894EA /* TypealiasBootcamp.swift in Sources */,
				B5F9906C2CC9500200783423 /* EscapingBootcamp.swift in Sources */,
				B5434C842CA945DF0071306B /* LongPressGestureBootcamp.swift in Sources */,
				B51D634D2CAAF2F000906B74 /* RotationGestureBootcamp.swift in Sources */,
			);
			runOnlyForDeploymentPostprocessing = 0;
		};
/* End PBXSourcesBuildPhase section */

/* Begin XCBuildConfiguration section */
		B5434C7E2CA945030071306B /* Debug */ = {
			isa = XCBuildConfiguration;
			buildSettings = {
				ALWAYS_SEARCH_USER_PATHS = NO;
				ASSETCATALOG_COMPILER_GENERATE_SWIFT_ASSET_SYMBOL_EXTENSIONS = YES;
				CLANG_ANALYZER_NONNULL = YES;
				CLANG_ANALYZER_NUMBER_OBJECT_CONVERSION = YES_AGGRESSIVE;
				CLANG_CXX_LANGUAGE_STANDARD = "gnu++20";
				CLANG_ENABLE_MODULES = YES;
				CLANG_ENABLE_OBJC_ARC = YES;
				CLANG_ENABLE_OBJC_WEAK = YES;
				CLANG_WARN_BLOCK_CAPTURE_AUTORELEASING = YES;
				CLANG_WARN_BOOL_CONVERSION = YES;
				CLANG_WARN_COMMA = YES;
				CLANG_WARN_CONSTANT_CONVERSION = YES;
				CLANG_WARN_DEPRECATED_OBJC_IMPLEMENTATIONS = YES;
				CLANG_WARN_DIRECT_OBJC_ISA_USAGE = YES_ERROR;
				CLANG_WARN_DOCUMENTATION_COMMENTS = YES;
				CLANG_WARN_EMPTY_BODY = YES;
				CLANG_WARN_ENUM_CONVERSION = YES;
				CLANG_WARN_INFINITE_RECURSION = YES;
				CLANG_WARN_INT_CONVERSION = YES;
				CLANG_WARN_NON_LITERAL_NULL_CONVERSION = YES;
				CLANG_WARN_OBJC_IMPLICIT_RETAIN_SELF = YES;
				CLANG_WARN_OBJC_LITERAL_CONVERSION = YES;
				CLANG_WARN_OBJC_ROOT_CLASS = YES_ERROR;
				CLANG_WARN_QUOTED_INCLUDE_IN_FRAMEWORK_HEADER = YES;
				CLANG_WARN_RANGE_LOOP_ANALYSIS = YES;
				CLANG_WARN_STRICT_PROTOTYPES = YES;
				CLANG_WARN_SUSPICIOUS_MOVE = YES;
				CLANG_WARN_UNGUARDED_AVAILABILITY = YES_AGGRESSIVE;
				CLANG_WARN_UNREACHABLE_CODE = YES;
				CLANG_WARN__DUPLICATE_METHOD_MATCH = YES;
				COPY_PHASE_STRIP = NO;
				DEBUG_INFORMATION_FORMAT = dwarf;
				ENABLE_STRICT_OBJC_MSGSEND = YES;
				ENABLE_TESTABILITY = YES;
				ENABLE_USER_SCRIPT_SANDBOXING = YES;
				GCC_C_LANGUAGE_STANDARD = gnu17;
				GCC_DYNAMIC_NO_PIC = NO;
				GCC_NO_COMMON_BLOCKS = YES;
				GCC_OPTIMIZATION_LEVEL = 0;
				GCC_PREPROCESSOR_DEFINITIONS = (
					"DEBUG=1",
					"$(inherited)",
				);
				GCC_WARN_64_TO_32_BIT_CONVERSION = YES;
				GCC_WARN_ABOUT_RETURN_TYPE = YES_ERROR;
				GCC_WARN_UNDECLARED_SELECTOR = YES;
				GCC_WARN_UNINITIALIZED_AUTOS = YES_AGGRESSIVE;
				GCC_WARN_UNUSED_FUNCTION = YES;
				GCC_WARN_UNUSED_VARIABLE = YES;
				IPHONEOS_DEPLOYMENT_TARGET = 17.4;
				LOCALIZATION_PREFERS_STRING_CATALOGS = YES;
				MTL_ENABLE_DEBUG_INFO = INCLUDE_SOURCE;
				MTL_FAST_MATH = YES;
				ONLY_ACTIVE_ARCH = YES;
				SDKROOT = iphoneos;
				SWIFT_ACTIVE_COMPILATION_CONDITIONS = "DEBUG $(inherited)";
				SWIFT_OPTIMIZATION_LEVEL = "-Onone";
			};
			name = Debug;
		};
		B5434C7F2CA945030071306B /* Release */ = {
			isa = XCBuildConfiguration;
			buildSettings = {
				ALWAYS_SEARCH_USER_PATHS = NO;
				ASSETCATALOG_COMPILER_GENERATE_SWIFT_ASSET_SYMBOL_EXTENSIONS = YES;
				CLANG_ANALYZER_NONNULL = YES;
				CLANG_ANALYZER_NUMBER_OBJECT_CONVERSION = YES_AGGRESSIVE;
				CLANG_CXX_LANGUAGE_STANDARD = "gnu++20";
				CLANG_ENABLE_MODULES = YES;
				CLANG_ENABLE_OBJC_ARC = YES;
				CLANG_ENABLE_OBJC_WEAK = YES;
				CLANG_WARN_BLOCK_CAPTURE_AUTORELEASING = YES;
				CLANG_WARN_BOOL_CONVERSION = YES;
				CLANG_WARN_COMMA = YES;
				CLANG_WARN_CONSTANT_CONVERSION = YES;
				CLANG_WARN_DEPRECATED_OBJC_IMPLEMENTATIONS = YES;
				CLANG_WARN_DIRECT_OBJC_ISA_USAGE = YES_ERROR;
				CLANG_WARN_DOCUMENTATION_COMMENTS = YES;
				CLANG_WARN_EMPTY_BODY = YES;
				CLANG_WARN_ENUM_CONVERSION = YES;
				CLANG_WARN_INFINITE_RECURSION = YES;
				CLANG_WARN_INT_CONVERSION = YES;
				CLANG_WARN_NON_LITERAL_NULL_CONVERSION = YES;
				CLANG_WARN_OBJC_IMPLICIT_RETAIN_SELF = YES;
				CLANG_WARN_OBJC_LITERAL_CONVERSION = YES;
				CLANG_WARN_OBJC_ROOT_CLASS = YES_ERROR;
				CLANG_WARN_QUOTED_INCLUDE_IN_FRAMEWORK_HEADER = YES;
				CLANG_WARN_RANGE_LOOP_ANALYSIS = YES;
				CLANG_WARN_STRICT_PROTOTYPES = YES;
				CLANG_WARN_SUSPICIOUS_MOVE = YES;
				CLANG_WARN_UNGUARDED_AVAILABILITY = YES_AGGRESSIVE;
				CLANG_WARN_UNREACHABLE_CODE = YES;
				CLANG_WARN__DUPLICATE_METHOD_MATCH = YES;
				COPY_PHASE_STRIP = NO;
				DEBUG_INFORMATION_FORMAT = "dwarf-with-dsym";
				ENABLE_NS_ASSERTIONS = NO;
				ENABLE_STRICT_OBJC_MSGSEND = YES;
				ENABLE_USER_SCRIPT_SANDBOXING = YES;
				GCC_C_LANGUAGE_STANDARD = gnu17;
				GCC_NO_COMMON_BLOCKS = YES;
				GCC_WARN_64_TO_32_BIT_CONVERSION = YES;
				GCC_WARN_ABOUT_RETURN_TYPE = YES_ERROR;
				GCC_WARN_UNDECLARED_SELECTOR = YES;
				GCC_WARN_UNINITIALIZED_AUTOS = YES_AGGRESSIVE;
				GCC_WARN_UNUSED_FUNCTION = YES;
				GCC_WARN_UNUSED_VARIABLE = YES;
				IPHONEOS_DEPLOYMENT_TARGET = 17.4;
				LOCALIZATION_PREFERS_STRING_CATALOGS = YES;
				MTL_ENABLE_DEBUG_INFO = NO;
				MTL_FAST_MATH = YES;
				SDKROOT = iphoneos;
				SWIFT_COMPILATION_MODE = wholemodule;
				VALIDATE_PRODUCT = YES;
			};
			name = Release;
		};
		B5434C812CA945030071306B /* Debug */ = {
			isa = XCBuildConfiguration;
			buildSettings = {
				ASSETCATALOG_COMPILER_APPICON_NAME = AppIcon;
				ASSETCATALOG_COMPILER_GLOBAL_ACCENT_COLOR_NAME = AccentColor;
				CODE_SIGN_STYLE = Automatic;
				CURRENT_PROJECT_VERSION = 1;
				DEVELOPMENT_ASSET_PATHS = "\"SwiftUIContinuedLearning/Preview Content\"";
				DEVELOPMENT_TEAM = 7TJ6PY5W65;
				ENABLE_PREVIEWS = YES;
				GENERATE_INFOPLIST_FILE = YES;
				INFOPLIST_KEY_UIApplicationSceneManifest_Generation = YES;
				INFOPLIST_KEY_UIApplicationSupportsIndirectInputEvents = YES;
				INFOPLIST_KEY_UILaunchScreen_Generation = YES;
				INFOPLIST_KEY_UISupportedInterfaceOrientations_iPad = "UIInterfaceOrientationPortrait UIInterfaceOrientationPortraitUpsideDown UIInterfaceOrientationLandscapeLeft UIInterfaceOrientationLandscapeRight";
				INFOPLIST_KEY_UISupportedInterfaceOrientations_iPhone = "UIInterfaceOrientationPortrait UIInterfaceOrientationLandscapeLeft UIInterfaceOrientationLandscapeRight";
				LD_RUNPATH_SEARCH_PATHS = (
					"$(inherited)",
					"@executable_path/Frameworks",
				);
				MARKETING_VERSION = 1.0;
				PRODUCT_BUNDLE_IDENTIFIER = jothebug.SwiftUIContinuedLearning;
				PRODUCT_NAME = "$(TARGET_NAME)";
				SWIFT_EMIT_LOC_STRINGS = YES;
				SWIFT_VERSION = 5.0;
				TARGETED_DEVICE_FAMILY = "1,2";
			};
			name = Debug;
		};
		B5434C822CA945030071306B /* Release */ = {
			isa = XCBuildConfiguration;
			buildSettings = {
				ASSETCATALOG_COMPILER_APPICON_NAME = AppIcon;
				ASSETCATALOG_COMPILER_GLOBAL_ACCENT_COLOR_NAME = AccentColor;
				CODE_SIGN_STYLE = Automatic;
				CURRENT_PROJECT_VERSION = 1;
				DEVELOPMENT_ASSET_PATHS = "\"SwiftUIContinuedLearning/Preview Content\"";
				DEVELOPMENT_TEAM = 7TJ6PY5W65;
				ENABLE_PREVIEWS = YES;
				GENERATE_INFOPLIST_FILE = YES;
				INFOPLIST_KEY_UIApplicationSceneManifest_Generation = YES;
				INFOPLIST_KEY_UIApplicationSupportsIndirectInputEvents = YES;
				INFOPLIST_KEY_UILaunchScreen_Generation = YES;
				INFOPLIST_KEY_UISupportedInterfaceOrientations_iPad = "UIInterfaceOrientationPortrait UIInterfaceOrientationPortraitUpsideDown UIInterfaceOrientationLandscapeLeft UIInterfaceOrientationLandscapeRight";
				INFOPLIST_KEY_UISupportedInterfaceOrientations_iPhone = "UIInterfaceOrientationPortrait UIInterfaceOrientationLandscapeLeft UIInterfaceOrientationLandscapeRight";
				LD_RUNPATH_SEARCH_PATHS = (
					"$(inherited)",
					"@executable_path/Frameworks",
				);
				MARKETING_VERSION = 1.0;
				PRODUCT_BUNDLE_IDENTIFIER = jothebug.SwiftUIContinuedLearning;
				PRODUCT_NAME = "$(TARGET_NAME)";
				SWIFT_EMIT_LOC_STRINGS = YES;
				SWIFT_VERSION = 5.0;
				TARGETED_DEVICE_FAMILY = "1,2";
			};
			name = Release;
		};
/* End XCBuildConfiguration section */

/* Begin XCConfigurationList section */
		B5434C6D2CA945010071306B /* Build configuration list for PBXProject "SwiftUIContinuedLearning" */ = {
			isa = XCConfigurationList;
			buildConfigurations = (
				B5434C7E2CA945030071306B /* Debug */,
				B5434C7F2CA945030071306B /* Release */,
			);
			defaultConfigurationIsVisible = 0;
			defaultConfigurationName = Release;
		};
		B5434C802CA945030071306B /* Build configuration list for PBXNativeTarget "SwiftUIContinuedLearning" */ = {
			isa = XCConfigurationList;
			buildConfigurations = (
				B5434C812CA945030071306B /* Debug */,
				B5434C822CA945030071306B /* Release */,
			);
			defaultConfigurationIsVisible = 0;
			defaultConfigurationName = Release;
		};
/* End XCConfigurationList section */
	};
	rootObject = B5434C6A2CA945010071306B /* Project object */;
}
